<?xml version="1.0" encoding="utf-8"?>
<Project ToolsVersion="4.0" xmlns="http://schemas.microsoft.com/developer/msbuild/2003">
  <ItemGroup>
    <Filter Include="Source Files">
      <UniqueIdentifier>{4FC737F1-C7A5-4376-A066-2A32D752A2FF}</UniqueIdentifier>
      <Extensions>cpp;c;cc;cxx;def;odl;idl;hpj;bat;asm;asmx</Extensions>
    </Filter>
    <Filter Include="Header Files">
      <UniqueIdentifier>{93995380-89BD-4b04-88EB-625FBE52EBFB}</UniqueIdentifier>
      <Extensions>h;hh;hpp;hxx;hm;inl;inc;xsd</Extensions>
    </Filter>
    <Filter Include="Resource Files">
      <UniqueIdentifier>{67DA6AB6-F800-4c08-8B7A-83BB121AAD01}</UniqueIdentifier>
      <Extensions>rc;ico;cur;bmp;dlg;rc2;rct;bin;rgs;gif;jpg;jpeg;jpe;resx;tiff;tif;png;wav;mfcribbon-ms</Extensions>
    </Filter>
    <Filter Include="Resource Files\PokemonSprites">
      <UniqueIdentifier>{5bfb4140-7e8b-41aa-b9d3-8dcd272909e9}</UniqueIdentifier>
    </Filter>
    <Filter Include="Resource Files\PokemonSprites\Front">
      <UniqueIdentifier>{6350d6f1-d172-4610-b712-630db286c07f}</UniqueIdentifier>
    </Filter>
    <Filter Include="Resource Files\PokemonSprites\Back">
      <UniqueIdentifier>{0473d5a6-644b-4a26-8cb1-7df414b3b481}</UniqueIdentifier>
    </Filter>
    <Filter Include="Resource Files\PokemonSprites\MenuSprites">
      <UniqueIdentifier>{12a44ae7-56cf-4617-8eea-e7e790071541}</UniqueIdentifier>
    </Filter>
    <Filter Include="Resource Files\Types">
      <UniqueIdentifier>{d8f52e19-fce0-48e2-84ea-0378984b15f7}</UniqueIdentifier>
    </Filter>
    <Filter Include="Resource Files\Status">
      <UniqueIdentifier>{e4b7c7ce-18bf-4ce8-9c4e-0a3f4004e7bf}</UniqueIdentifier>
    </Filter>
    <Filter Include="Resource Files\Backgrounds">
      <UniqueIdentifier>{0a5cbfac-2817-4e79-91be-bf5d483a8ddc}</UniqueIdentifier>
    </Filter>
  </ItemGroup>
  <ItemGroup>
    <ClCompile Include="main.cpp">
      <Filter>Source Files</Filter>
    </ClCompile>
    <ClCompile Include="PokeText.cpp">
      <Filter>Source Files</Filter>
    </ClCompile>
    <ClCompile Include="HealthBar.cpp">
      <Filter>Source Files</Filter>
    </ClCompile>
    <ClCompile Include="BattleScreen.cpp">
      <Filter>Source Files</Filter>
    </ClCompile>
    <ClCompile Include="BattleBar.cpp">
      <Filter>Source Files</Filter>
    </ClCompile>
    <ClCompile Include="KeyboardWrapper.cpp">
      <Filter>Source Files</Filter>
    </ClCompile>
    <ClCompile Include="Move.cpp">
      <Filter>Source Files</Filter>
    </ClCompile>
    <ClCompile Include="AttackCalculator.cpp">
      <Filter>Source Files</Filter>
    </ClCompile>
    <ClCompile Include="Pokemon.cpp">
      <Filter>Source Files</Filter>
    </ClCompile>
    <ClCompile Include="StoredStats.cpp">
      <Filter>Source Files</Filter>
    </ClCompile>
    <ClCompile Include="FileReader.cpp">
      <Filter>Source Files</Filter>
    </ClCompile>
    <ClCompile Include="PokeSelectBox.cpp">
      <Filter>Source Files</Filter>
    </ClCompile>
    <ClCompile Include="PokeSelectScreen.cpp">
      <Filter>Source Files</Filter>
    </ClCompile>
    <ClCompile Include="functions.cpp">
      <Filter>Source Files</Filter>
    </ClCompile>
    <ClCompile Include="TextureLoader.cpp">
      <Filter>Source Files</Filter>
    </ClCompile>
    <ClCompile Include="PokeSelectBoxLarge.cpp">
      <Filter>Source Files</Filter>
    </ClCompile>
    <ClCompile Include="client.cpp">
      <Filter>Source Files</Filter>
    </ClCompile>
  </ItemGroup>
  <ItemGroup>
    <ClInclude Include="PokeText.h">
      <Filter>Header Files</Filter>
    </ClInclude>
    <ClInclude Include="HealthBar.h">
      <Filter>Header Files</Filter>
    </ClInclude>
    <ClInclude Include="BattleScreen.h">
      <Filter>Header Files</Filter>
    </ClInclude>
    <ClInclude Include="BattleBar.h">
      <Filter>Header Files</Filter>
    </ClInclude>
    <ClInclude Include="KeyboardWrapper.h">
      <Filter>Header Files</Filter>
    </ClInclude>
    <ClInclude Include="StoredStats.h">
      <Filter>Header Files</Filter>
    </ClInclude>
    <ClInclude Include="Pokemon.h">
      <Filter>Header Files</Filter>
    </ClInclude>
    <ClInclude Include="AttackCalculator.h">
      <Filter>Header Files</Filter>
    </ClInclude>
    <ClInclude Include="Move.h">
      <Filter>Header Files</Filter>
    </ClInclude>
    <ClInclude Include="FileReader.h">
      <Filter>Header Files</Filter>
    </ClInclude>
    <ClInclude Include="PokeSelectBox.h">
      <Filter>Header Files</Filter>
    </ClInclude>
    <ClInclude Include="PokeSelectScreen.h">
      <Filter>Header Files</Filter>
    </ClInclude>
    <ClInclude Include="functions.h">
      <Filter>Header Files</Filter>
    </ClInclude>
    <ClInclude Include="TextureLoader.h">
      <Filter>Header Files</Filter>
    </ClInclude>
    <ClInclude Include="PokeSelectBoxLarge.h">
      <Filter>Header Files</Filter>
    </ClInclude>
    <ClInclude Include="client.h">
      <Filter>Header Files</Filter>
    </ClInclude>
  </ItemGroup>
  <ItemGroup>
    <Image Include="Resources\arrow.png">
      <Filter>Resource Files</Filter>
    </Image>
    <Image Include="Resources\battleBackgrounds.png">
      <Filter>Resource Files</Filter>
    </Image>
    <Image Include="Resources\BattleBar.png">
      <Filter>Resource Files</Filter>
    </Image>
    <Image Include="Resources\battleSelect.png">
      <Filter>Resource Files</Filter>
    </Image>
    <Image Include="Resources\blaziken.png">
      <Filter>Resource Files</Filter>
    </Image>
    <Image Include="Resources\Charizard.png">
      <Filter>Resource Files</Filter>
    </Image>
    <Image Include="Resources\moveSelect.png">
      <Filter>Resource Files</Filter>
    </Image>
    <Image Include="Resources\OpponetInfo.png">
      <Filter>Resource Files</Filter>
    </Image>
    <Image Include="Resources\SelfInfo.png">
      <Filter>Resource Files</Filter>
    </Image>
    <Image Include="Resources\SelfInfoFrame.png">
      <Filter>Resource Files</Filter>
    </Image>
    <Image Include="Resources\PokemonSprites\Front\122.png">
      <Filter>Resource Files\PokemonSprites\Front</Filter>
    </Image>
    <Image Include="Resources\PokemonSprites\Front\129.png">
      <Filter>Resource Files\PokemonSprites\Front</Filter>
    </Image>
    <Image Include="Resources\PokemonSprites\Front\133.png">
      <Filter>Resource Files\PokemonSprites\Front</Filter>
    </Image>
    <Image Include="Resources\PokemonSprites\Front\134.png">
      <Filter>Resource Files\PokemonSprites\Front</Filter>
    </Image>
    <Image Include="Resources\PokemonSprites\Front\135.png">
      <Filter>Resource Files\PokemonSprites\Front</Filter>
    </Image>
    <Image Include="Resources\PokemonSprites\Front\136.png">
      <Filter>Resource Files\PokemonSprites\Front</Filter>
    </Image>
    <Image Include="Resources\PokemonSprites\Front\138.png">
      <Filter>Resource Files\PokemonSprites\Front</Filter>
    </Image>
    <Image Include="Resources\PokemonSprites\Front\143.png">
      <Filter>Resource Files\PokemonSprites\Front</Filter>
    </Image>
    <Image Include="Resources\PokemonSprites\Front\144.png">
      <Filter>Resource Files\PokemonSprites\Front</Filter>
    </Image>
    <Image Include="Resources\PokemonSprites\Front\145.png">
      <Filter>Resource Files\PokemonSprites\Front</Filter>
    </Image>
    <Image Include="Resources\PokemonSprites\Front\146.png">
      <Filter>Resource Files\PokemonSprites\Front</Filter>
    </Image>
    <Image Include="Resources\PokemonSprites\Front\150.png">
      <Filter>Resource Files\PokemonSprites\Front</Filter>
    </Image>
    <Image Include="Resources\PokemonSprites\Front\153.png">
      <Filter>Resource Files\PokemonSprites\Front</Filter>
    </Image>
    <Image Include="Resources\PokemonSprites\Front\155.png">
      <Filter>Resource Files\PokemonSprites\Front</Filter>
    </Image>
    <Image Include="Resources\PokemonSprites\Front\158.png">
      <Filter>Resource Files\PokemonSprites\Front</Filter>
    </Image>
    <Image Include="Resources\PokemonSprites\Front\163.png">
      <Filter>Resource Files\PokemonSprites\Front</Filter>
    </Image>
    <Image Include="Resources\PokemonSprites\Front\196.png">
      <Filter>Resource Files\PokemonSprites\Front</Filter>
    </Image>
    <Image Include="Resources\PokemonSprites\Front\197.png">
      <Filter>Resource Files\PokemonSprites\Front</Filter>
    </Image>
    <Image Include="Resources\PokemonSprites\Front\213.png">
      <Filter>Resource Files\PokemonSprites\Front</Filter>
    </Image>
    <Image Include="Resources\PokemonSprites\Front\214.png">
      <Filter>Resource Files\PokemonSprites\Front</Filter>
    </Image>
    <Image Include="Resources\PokemonSprites\Front\243.png">
      <Filter>Resource Files\PokemonSprites\Front</Filter>
    </Image>
    <Image Include="Resources\PokemonSprites\Front\244.png">
      <Filter>Resource Files\PokemonSprites\Front</Filter>
    </Image>
    <Image Include="Resources\PokemonSprites\Front\245.png">
      <Filter>Resource Files\PokemonSprites\Front</Filter>
    </Image>
    <Image Include="Resources\PokemonSprites\Front\250.png">
      <Filter>Resource Files\PokemonSprites\Front</Filter>
    </Image>
    <Image Include="Resources\PokemonSprites\Front\252.png">
      <Filter>Resource Files\PokemonSprites\Front</Filter>
    </Image>
    <Image Include="Resources\PokemonSprites\Front\257.png">
      <Filter>Resource Files\PokemonSprites\Front</Filter>
    </Image>
    <Image Include="Resources\PokemonSprites\Front\259.png">
      <Filter>Resource Files\PokemonSprites\Front</Filter>
    </Image>
    <Image Include="Resources\PokemonSprites\Front\304.png">
      <Filter>Resource Files\PokemonSprites\Front</Filter>
    </Image>
    <Image Include="Resources\PokemonSprites\Front\315.png">
      <Filter>Resource Files\PokemonSprites\Front</Filter>
    </Image>
    <Image Include="Resources\PokemonSprites\Front\331.png">
      <Filter>Resource Files\PokemonSprites\Front</Filter>
    </Image>
    <Image Include="Resources\PokemonSprites\Front\333.png">
      <Filter>Resource Files\PokemonSprites\Front</Filter>
    </Image>
    <Image Include="Resources\PokemonSprites\Front\343.png">
      <Filter>Resource Files\PokemonSprites\Front</Filter>
    </Image>
    <Image Include="Resources\PokemonSprites\Front\399.png">
      <Filter>Resource Files\PokemonSprites\Front</Filter>
    </Image>
    <Image Include="Resources\PokemonSprites\Front\445.png">
      <Filter>Resource Files\PokemonSprites\Front</Filter>
    </Image>
    <Image Include="Resources\PokemonSprites\Front\448.png">
      <Filter>Resource Files\PokemonSprites\Front</Filter>
    </Image>
    <Image Include="Resources\PokemonSprites\Front\461.png">
      <Filter>Resource Files\PokemonSprites\Front</Filter>
    </Image>
    <Image Include="Resources\PokemonSprites\Front\530.png">
      <Filter>Resource Files\PokemonSprites\Front</Filter>
    </Image>
    <Image Include="Resources\PokemonSprites\Front\623.png">
      <Filter>Resource Files\PokemonSprites\Front</Filter>
    </Image>
    <Image Include="Resources\PokemonSprites\Front\628.png">
      <Filter>Resource Files\PokemonSprites\Front</Filter>
    </Image>
    <Image Include="Resources\PokemonSprites\Front\655.png">
      <Filter>Resource Files\PokemonSprites\Front</Filter>
    </Image>
    <Image Include="Resources\PokemonSprites\Front\700.png">
      <Filter>Resource Files\PokemonSprites\Front</Filter>
    </Image>
    <Image Include="Resources\PokemonSprites\Front\701.png">
      <Filter>Resource Files\PokemonSprites\Front</Filter>
    </Image>
    <Image Include="Resources\PokemonSprites\Front\702.png">
      <Filter>Resource Files\PokemonSprites\Front</Filter>
    </Image>
    <Image Include="Resources\PokemonSprites\Front\706.png">
      <Filter>Resource Files\PokemonSprites\Front</Filter>
    </Image>
    <Image Include="Resources\PokemonSprites\Front\711.png">
      <Filter>Resource Files\PokemonSprites\Front</Filter>
    </Image>
    <Image Include="Resources\PokemonSprites\Front\59.png">
      <Filter>Resource Files\PokemonSprites\Front</Filter>
    </Image>
    <Image Include="Resources\PokemonSprites\Front\1.png">
      <Filter>Resource Files\PokemonSprites\Front</Filter>
    </Image>
    <Image Include="Resources\PokemonSprites\Front\6.png">
      <Filter>Resource Files\PokemonSprites\Front</Filter>
    </Image>
    <Image Include="Resources\PokemonSprites\Front\9.png">
      <Filter>Resource Files\PokemonSprites\Front</Filter>
    </Image>
    <Image Include="Resources\PokemonSprites\Front\11.png">
      <Filter>Resource Files\PokemonSprites\Front</Filter>
    </Image>
    <Image Include="Resources\PokemonSprites\Front\18.png">
      <Filter>Resource Files\PokemonSprites\Front</Filter>
    </Image>
    <Image Include="Resources\PokemonSprites\Front\25.png">
      <Filter>Resource Files\PokemonSprites\Front</Filter>
    </Image>
    <Image Include="Resources\PokemonSprites\Front\41.png">
      <Filter>Resource Files\PokemonSprites\Front</Filter>
    </Image>
    <Image Include="Resources\PokemonSprites\Front\50.png">
      <Filter>Resource Files\PokemonSprites\Front</Filter>
    </Image>
    <Image Include="Resources\PokemonSprites\MenuSprites\1.png">
      <Filter>Resource Files\PokemonSprites\MenuSprites</Filter>
    </Image>
    <Image Include="Resources\PokemonSprites\MenuSprites\6.png">
      <Filter>Resource Files\PokemonSprites\MenuSprites</Filter>
    </Image>
    <Image Include="Resources\PokemonSprites\MenuSprites\9.png">
      <Filter>Resource Files\PokemonSprites\MenuSprites</Filter>
    </Image>
    <Image Include="Resources\PokemonSprites\MenuSprites\11.png">
      <Filter>Resource Files\PokemonSprites\MenuSprites</Filter>
    </Image>
    <Image Include="Resources\PokemonSprites\MenuSprites\18.png">
      <Filter>Resource Files\PokemonSprites\MenuSprites</Filter>
    </Image>
    <Image Include="Resources\PokemonSprites\MenuSprites\25.png">
      <Filter>Resource Files\PokemonSprites\MenuSprites</Filter>
    </Image>
    <Image Include="Resources\PokemonSprites\MenuSprites\41.png">
      <Filter>Resource Files\PokemonSprites\MenuSprites</Filter>
    </Image>
    <Image Include="Resources\PokemonSprites\MenuSprites\50.png">
      <Filter>Resource Files\PokemonSprites\MenuSprites</Filter>
    </Image>
    <Image Include="Resources\PokemonSprites\MenuSprites\59.png">
      <Filter>Resource Files\PokemonSprites\MenuSprites</Filter>
    </Image>
    <Image Include="Resources\PokemonSprites\MenuSprites\122.png">
      <Filter>Resource Files\PokemonSprites\MenuSprites</Filter>
    </Image>
    <Image Include="Resources\PokemonSprites\MenuSprites\129.png">
      <Filter>Resource Files\PokemonSprites\MenuSprites</Filter>
    </Image>
    <Image Include="Resources\PokemonSprites\MenuSprites\133.png">
      <Filter>Resource Files\PokemonSprites\MenuSprites</Filter>
    </Image>
    <Image Include="Resources\PokemonSprites\MenuSprites\134.png">
      <Filter>Resource Files\PokemonSprites\MenuSprites</Filter>
    </Image>
    <Image Include="Resources\PokemonSprites\MenuSprites\135.png">
      <Filter>Resource Files\PokemonSprites\MenuSprites</Filter>
    </Image>
    <Image Include="Resources\PokemonSprites\MenuSprites\136.png">
      <Filter>Resource Files\PokemonSprites\MenuSprites</Filter>
    </Image>
    <Image Include="Resources\PokemonSprites\MenuSprites\138.png">
      <Filter>Resource Files\PokemonSprites\MenuSprites</Filter>
    </Image>
    <Image Include="Resources\PokemonSprites\MenuSprites\143.png">
      <Filter>Resource Files\PokemonSprites\MenuSprites</Filter>
    </Image>
    <Image Include="Resources\PokemonSprites\MenuSprites\144.png">
      <Filter>Resource Files\PokemonSprites\MenuSprites</Filter>
    </Image>
    <Image Include="Resources\PokemonSprites\MenuSprites\145.png">
      <Filter>Resource Files\PokemonSprites\MenuSprites</Filter>
    </Image>
    <Image Include="Resources\PokemonSprites\MenuSprites\146.png">
      <Filter>Resource Files\PokemonSprites\MenuSprites</Filter>
    </Image>
    <Image Include="Resources\PokemonSprites\MenuSprites\150.png">
      <Filter>Resource Files\PokemonSprites\MenuSprites</Filter>
    </Image>
    <Image Include="Resources\PokemonSprites\MenuSprites\153.png">
      <Filter>Resource Files\PokemonSprites\MenuSprites</Filter>
    </Image>
    <Image Include="Resources\PokemonSprites\MenuSprites\155.png">
      <Filter>Resource Files\PokemonSprites\MenuSprites</Filter>
    </Image>
    <Image Include="Resources\PokemonSprites\MenuSprites\158.png">
      <Filter>Resource Files\PokemonSprites\MenuSprites</Filter>
    </Image>
    <Image Include="Resources\PokemonSprites\MenuSprites\163.png">
      <Filter>Resource Files\PokemonSprites\MenuSprites</Filter>
    </Image>
    <Image Include="Resources\PokemonSprites\MenuSprites\196.png">
      <Filter>Resource Files\PokemonSprites\MenuSprites</Filter>
    </Image>
    <Image Include="Resources\PokemonSprites\MenuSprites\197.png">
      <Filter>Resource Files\PokemonSprites\MenuSprites</Filter>
    </Image>
    <Image Include="Resources\PokemonSprites\MenuSprites\213.png">
      <Filter>Resource Files\PokemonSprites\MenuSprites</Filter>
    </Image>
    <Image Include="Resources\PokemonSprites\MenuSprites\214.png">
      <Filter>Resource Files\PokemonSprites\MenuSprites</Filter>
    </Image>
    <Image Include="Resources\PokemonSprites\MenuSprites\243.png">
      <Filter>Resource Files\PokemonSprites\MenuSprites</Filter>
    </Image>
    <Image Include="Resources\PokemonSprites\MenuSprites\244.png">
      <Filter>Resource Files\PokemonSprites\MenuSprites</Filter>
    </Image>
    <Image Include="Resources\PokemonSprites\MenuSprites\245.png">
      <Filter>Resource Files\PokemonSprites\MenuSprites</Filter>
    </Image>
    <Image Include="Resources\PokemonSprites\MenuSprites\250.png">
      <Filter>Resource Files\PokemonSprites\MenuSprites</Filter>
    </Image>
    <Image Include="Resources\PokemonSprites\MenuSprites\252.png">
      <Filter>Resource Files\PokemonSprites\MenuSprites</Filter>
    </Image>
    <Image Include="Resources\PokemonSprites\MenuSprites\257.png">
      <Filter>Resource Files\PokemonSprites\MenuSprites</Filter>
    </Image>
    <Image Include="Resources\PokemonSprites\MenuSprites\259.png">
      <Filter>Resource Files\PokemonSprites\MenuSprites</Filter>
    </Image>
    <Image Include="Resources\PokemonSprites\MenuSprites\304.png">
      <Filter>Resource Files\PokemonSprites\MenuSprites</Filter>
    </Image>
    <Image Include="Resources\PokemonSprites\MenuSprites\315.png">
      <Filter>Resource Files\PokemonSprites\MenuSprites</Filter>
    </Image>
    <Image Include="Resources\PokemonSprites\MenuSprites\331.png">
      <Filter>Resource Files\PokemonSprites\MenuSprites</Filter>
    </Image>
    <Image Include="Resources\PokemonSprites\MenuSprites\333.png">
      <Filter>Resource Files\PokemonSprites\MenuSprites</Filter>
    </Image>
    <Image Include="Resources\PokemonSprites\MenuSprites\343.png">
      <Filter>Resource Files\PokemonSprites\MenuSprites</Filter>
    </Image>
    <Image Include="Resources\PokemonSprites\MenuSprites\399.png">
      <Filter>Resource Files\PokemonSprites\MenuSprites</Filter>
    </Image>
    <Image Include="Resources\PokemonSprites\MenuSprites\445.png">
      <Filter>Resource Files\PokemonSprites\MenuSprites</Filter>
    </Image>
    <Image Include="Resources\PokemonSprites\MenuSprites\448.png">
      <Filter>Resource Files\PokemonSprites\MenuSprites</Filter>
    </Image>
    <Image Include="Resources\PokemonSprites\MenuSprites\461.png">
      <Filter>Resource Files\PokemonSprites\MenuSprites</Filter>
    </Image>
    <Image Include="Resources\PokemonSprites\MenuSprites\530.png">
      <Filter>Resource Files\PokemonSprites\MenuSprites</Filter>
    </Image>
    <Image Include="Resources\PokemonSprites\MenuSprites\623.png">
      <Filter>Resource Files\PokemonSprites\MenuSprites</Filter>
    </Image>
    <Image Include="Resources\PokemonSprites\MenuSprites\628.png">
      <Filter>Resource Files\PokemonSprites\MenuSprites</Filter>
    </Image>
    <Image Include="Resources\PokemonSprites\MenuSprites\655.png">
      <Filter>Resource Files\PokemonSprites\MenuSprites</Filter>
    </Image>
    <Image Include="Resources\PokemonSprites\MenuSprites\700.png">
      <Filter>Resource Files\PokemonSprites\MenuSprites</Filter>
    </Image>
    <Image Include="Resources\PokemonSprites\MenuSprites\701.png">
      <Filter>Resource Files\PokemonSprites\MenuSprites</Filter>
    </Image>
    <Image Include="Resources\PokemonSprites\MenuSprites\702.png">
      <Filter>Resource Files\PokemonSprites\MenuSprites</Filter>
    </Image>
    <Image Include="Resources\PokemonSprites\MenuSprites\706.png">
      <Filter>Resource Files\PokemonSprites\MenuSprites</Filter>
    </Image>
    <Image Include="Resources\PokemonSprites\MenuSprites\711.png">
      <Filter>Resource Files\PokemonSprites\MenuSprites</Filter>
    </Image>
    <Image Include="Resources\Types\BugIC.gif">
      <Filter>Resource Files\Types</Filter>
    </Image>
    <Image Include="Resources\Types\DarkIC.gif">
      <Filter>Resource Files\Types</Filter>
    </Image>
    <Image Include="Resources\Types\DragonIC.gif">
      <Filter>Resource Files\Types</Filter>
    </Image>
    <Image Include="Resources\Types\ElectricIC.gif">
      <Filter>Resource Files\Types</Filter>
    </Image>
    <Image Include="Resources\Types\FairyIC.gif">
      <Filter>Resource Files\Types</Filter>
    </Image>
    <Image Include="Resources\Types\FightingIC.gif">
      <Filter>Resource Files\Types</Filter>
    </Image>
    <Image Include="Resources\Types\FireIC.gif">
      <Filter>Resource Files\Types</Filter>
    </Image>
    <Image Include="Resources\Types\FlyingIC.gif">
      <Filter>Resource Files\Types</Filter>
    </Image>
    <Image Include="Resources\Types\GhostIC.gif">
      <Filter>Resource Files\Types</Filter>
    </Image>
    <Image Include="Resources\Types\GrassIC.gif">
      <Filter>Resource Files\Types</Filter>
    </Image>
    <Image Include="Resources\Types\GroundIC.gif">
      <Filter>Resource Files\Types</Filter>
    </Image>
    <Image Include="Resources\Types\IceIC.gif">
      <Filter>Resource Files\Types</Filter>
    </Image>
    <Image Include="Resources\Types\NormalIC.gif">
      <Filter>Resource Files\Types</Filter>
    </Image>
    <Image Include="Resources\Types\PoisonIC.gif">
      <Filter>Resource Files\Types</Filter>
    </Image>
    <Image Include="Resources\Types\PsychicIC.gif">
      <Filter>Resource Files\Types</Filter>
    </Image>
    <Image Include="Resources\Types\RockIC.gif">
      <Filter>Resource Files\Types</Filter>
    </Image>
    <Image Include="Resources\Types\SteelIC.gif">
      <Filter>Resource Files\Types</Filter>
    </Image>
    <Image Include="Resources\Types\WaterIC.gif">
      <Filter>Resource Files\Types</Filter>
    </Image>
    <Image Include="Resources\Status\BurnIcon.png">
      <Filter>Resource Files\Status</Filter>
    </Image>
    <Image Include="Resources\Status\FaintIcon.png">
      <Filter>Resource Files\Status</Filter>
    </Image>
    <Image Include="Resources\Status\FrozenIcon.png">
      <Filter>Resource Files\Status</Filter>
    </Image>
    <Image Include="Resources\Status\NoStatusIcon.png">
      <Filter>Resource Files\Status</Filter>
    </Image>
    <Image Include="Resources\Status\SleepIcon.png">
      <Filter>Resource Files\Status</Filter>
    </Image>
    <Image Include="Resources\Status\ParalyzeIcon.png">
      <Filter>Resource Files\Status</Filter>
    </Image>
    <Image Include="Resources\Status\PoisonIcon.png">
      <Filter>Resource Files\Status</Filter>
    </Image>
    <Image Include="Resources\Status\ConfusionIcon.png">
      <Filter>Resource Files\Status</Filter>
    </Image>
    <Image Include="Resources\PokemonSprites\Back\1.png">
      <Filter>Resource Files\PokemonSprites\Back</Filter>
    </Image>
    <Image Include="Resources\PokemonSprites\Back\6.png">
      <Filter>Resource Files\PokemonSprites\Back</Filter>
    </Image>
    <Image Include="Resources\PokemonSprites\Back\9.png">
      <Filter>Resource Files\PokemonSprites\Back</Filter>
    </Image>
    <Image Include="Resources\PokemonSprites\Back\11.png">
      <Filter>Resource Files\PokemonSprites\Back</Filter>
    </Image>
    <Image Include="Resources\PokemonSprites\Back\18.png">
      <Filter>Resource Files\PokemonSprites\Back</Filter>
    </Image>
    <Image Include="Resources\PokemonSprites\Back\25.png">
      <Filter>Resource Files\PokemonSprites\Back</Filter>
    </Image>
    <Image Include="Resources\PokemonSprites\Back\41.png">
      <Filter>Resource Files\PokemonSprites\Back</Filter>
    </Image>
    <Image Include="Resources\PokemonSprites\Back\50.png">
      <Filter>Resource Files\PokemonSprites\Back</Filter>
    </Image>
    <Image Include="Resources\PokemonSprites\Back\59.png">
      <Filter>Resource Files\PokemonSprites\Back</Filter>
    </Image>
    <Image Include="Resources\PokemonSprites\Back\122.png">
      <Filter>Resource Files\PokemonSprites\Back</Filter>
    </Image>
    <Image Include="Resources\PokemonSprites\Back\129.png">
      <Filter>Resource Files\PokemonSprites\Back</Filter>
    </Image>
    <Image Include="Resources\PokemonSprites\Back\133.png">
      <Filter>Resource Files\PokemonSprites\Back</Filter>
    </Image>
    <Image Include="Resources\PokemonSprites\Back\134.png">
      <Filter>Resource Files\PokemonSprites\Back</Filter>
    </Image>
    <Image Include="Resources\PokemonSprites\Back\135.png">
      <Filter>Resource Files\PokemonSprites\Back</Filter>
    </Image>
    <Image Include="Resources\PokemonSprites\Back\136.png">
      <Filter>Resource Files\PokemonSprites\Back</Filter>
    </Image>
    <Image Include="Resources\PokemonSprites\Back\138.png">
      <Filter>Resource Files\PokemonSprites\Back</Filter>
    </Image>
    <Image Include="Resources\PokemonSprites\Back\143.png">
      <Filter>Resource Files\PokemonSprites\Back</Filter>
    </Image>
    <Image Include="Resources\PokemonSprites\Back\144.png">
      <Filter>Resource Files\PokemonSprites\Back</Filter>
    </Image>
    <Image Include="Resources\PokemonSprites\Back\145.png">
      <Filter>Resource Files\PokemonSprites\Back</Filter>
    </Image>
    <Image Include="Resources\PokemonSprites\Back\146.png">
      <Filter>Resource Files\PokemonSprites\Back</Filter>
    </Image>
    <Image Include="Resources\PokemonSprites\Back\150.png">
      <Filter>Resource Files\PokemonSprites\Back</Filter>
    </Image>
    <Image Include="Resources\PokemonSprites\Back\153.png">
      <Filter>Resource Files\PokemonSprites\Back</Filter>
    </Image>
    <Image Include="Resources\PokemonSprites\Back\155.png">
      <Filter>Resource Files\PokemonSprites\Back</Filter>
    </Image>
    <Image Include="Resources\PokemonSprites\Back\158.png">
      <Filter>Resource Files\PokemonSprites\Back</Filter>
    </Image>
    <Image Include="Resources\PokemonSprites\Back\163.png">
      <Filter>Resource Files\PokemonSprites\Back</Filter>
    </Image>
    <Image Include="Resources\PokemonSprites\Back\196.png">
      <Filter>Resource Files\PokemonSprites\Back</Filter>
    </Image>
    <Image Include="Resources\PokemonSprites\Back\197.png">
      <Filter>Resource Files\PokemonSprites\Back</Filter>
    </Image>
    <Image Include="Resources\PokemonSprites\Back\213.png">
      <Filter>Resource Files\PokemonSprites\Back</Filter>
    </Image>
    <Image Include="Resources\PokemonSprites\Back\214.png">
      <Filter>Resource Files\PokemonSprites\Back</Filter>
    </Image>
    <Image Include="Resources\PokemonSprites\Back\243.png">
      <Filter>Resource Files\PokemonSprites\Back</Filter>
    </Image>
    <Image Include="Resources\PokemonSprites\Back\244.png">
      <Filter>Resource Files\PokemonSprites\Back</Filter>
    </Image>
    <Image Include="Resources\PokemonSprites\Back\245.png">
      <Filter>Resource Files\PokemonSprites\Back</Filter>
    </Image>
    <Image Include="Resources\PokemonSprites\Back\250.png">
      <Filter>Resource Files\PokemonSprites\Back</Filter>
    </Image>
    <Image Include="Resources\PokemonSprites\Back\252.png">
      <Filter>Resource Files\PokemonSprites\Back</Filter>
    </Image>
    <Image Include="Resources\PokemonSprites\Back\257.png">
      <Filter>Resource Files\PokemonSprites\Back</Filter>
    </Image>
    <Image Include="Resources\PokemonSprites\Back\259.png">
      <Filter>Resource Files\PokemonSprites\Back</Filter>
    </Image>
    <Image Include="Resources\PokemonSprites\Back\304.png">
      <Filter>Resource Files\PokemonSprites\Back</Filter>
    </Image>
    <Image Include="Resources\PokemonSprites\Back\315.png">
      <Filter>Resource Files\PokemonSprites\Back</Filter>
    </Image>
    <Image Include="Resources\PokemonSprites\Back\331.png">
      <Filter>Resource Files\PokemonSprites\Back</Filter>
    </Image>
    <Image Include="Resources\PokemonSprites\Back\333.png">
      <Filter>Resource Files\PokemonSprites\Back</Filter>
    </Image>
    <Image Include="Resources\PokemonSprites\Back\343.png">
      <Filter>Resource Files\PokemonSprites\Back</Filter>
    </Image>
    <Image Include="Resources\PokemonSprites\Back\399.png">
      <Filter>Resource Files\PokemonSprites\Back</Filter>
    </Image>
    <Image Include="Resources\PokemonSprites\Back\445.png">
      <Filter>Resource Files\PokemonSprites\Back</Filter>
    </Image>
    <Image Include="Resources\PokemonSprites\Back\448.png">
      <Filter>Resource Files\PokemonSprites\Back</Filter>
    </Image>
    <Image Include="Resources\PokemonSprites\Back\461.png">
      <Filter>Resource Files\PokemonSprites\Back</Filter>
    </Image>
    <Image Include="Resources\PokemonSprites\Back\530.png">
      <Filter>Resource Files\PokemonSprites\Back</Filter>
    </Image>
    <Image Include="Resources\PokemonSprites\Back\623.png">
      <Filter>Resource Files\PokemonSprites\Back</Filter>
    </Image>
    <Image Include="Resources\PokemonSprites\Back\628.png">
      <Filter>Resource Files\PokemonSprites\Back</Filter>
    </Image>
    <Image Include="Resources\PokemonSprites\Back\655.png">
      <Filter>Resource Files\PokemonSprites\Back</Filter>
    </Image>
    <Image Include="Resources\PokemonSprites\Back\700.png">
      <Filter>Resource Files\PokemonSprites\Back</Filter>
    </Image>
    <Image Include="Resources\PokemonSprites\Back\701.png">
      <Filter>Resource Files\PokemonSprites\Back</Filter>
    </Image>
    <Image Include="Resources\PokemonSprites\Back\702.png">
      <Filter>Resource Files\PokemonSprites\Back</Filter>
    </Image>
    <Image Include="Resources\PokemonSprites\Back\706.png">
      <Filter>Resource Files\PokemonSprites\Back</Filter>
    </Image>
    <Image Include="Resources\PokemonSprites\Back\711.png">
      <Filter>Resource Files\PokemonSprites\Back</Filter>
    </Image>
    <Image Include="Resources\Backgrounds\1.png">
      <Filter>Resource Files\Backgrounds</Filter>
    </Image>
    <Image Include="Resources\Backgrounds\2.png">
      <Filter>Resource Files\Backgrounds</Filter>
    </Image>
    <Image Include="Resources\Backgrounds\3.png">
      <Filter>Resource Files\Backgrounds</Filter>
    </Image>
    <Image Include="Resources\Backgrounds\4.png">
      <Filter>Resource Files\Backgrounds</Filter>
    </Image>
    <Image Include="Resources\Backgrounds\5.png">
      <Filter>Resource Files\Backgrounds</Filter>
    </Image>
  </ItemGroup>
  <ItemGroup>
    <Font Include="Resources\EmeraldPro.ttf">
      <Filter>Resource Files</Filter>
    </Font>
  </ItemGroup>
</Project>